# This file is automatically @generated by Cargo.
# It is not intended for manual editing.
version = 4

[[package]]
name = "sector"
version = "0.1.21"
dependencies = [
 "try_reserve",
]

[[package]]
name = "try_reserve"
version = "0.2.1"
source = "registry+https://github.com/rust-lang/crates.io-index"
checksum = "18f3fb6329be858473a14c7e8616ad0315caf3f149841802800b60d688009825"
