# This file is automatically @generated by Cargo.
# It is not intended for manual editing.
version = 4

[[package]]
name = "sector"
version = "0.1.0"
dependencies = [
 "try_reserve",
]

[[package]]
name = "try_reserve"
version = "0.1.1"
source = "registry+https://github.com/rust-lang/crates.io-index"
checksum = "6f41e74f1f0c59192cc5117d6e17e93f564cf907cbaed43950c2a05234e5ecb4"
